
Microsoft Visual Studio Solution File, Format Version 12.00
# Visual Studio Version 17
VisualStudioVersion = 17.5.33414.496
MinimumVisualStudioVersion = 10.0.40219.1
Project("{FAE04EC0-301F-11D3-BF4B-00C04F79EFBC}") = "Exercice_dev", "Exercice_dev\Exercice_dev.csproj", "{C2D91B67-F57A-432F-9ED4-B5B13EAEED01}"
EndProject
Global
	GlobalSection(SolutionConfigurationPlatforms) = preSolution
		Debug|Any CPU = Debug|Any CPU
		Release|Any CPU = Release|Any CPU
	EndGlobalSection
	GlobalSection(ProjectConfigurationPlatforms) = postSolution
		{C2D91B67-F57A-432F-9ED4-B5B13EAEED01}.Debug|Any CPU.ActiveCfg = Debug|Any CPU
		{C2D91B67-F57A-432F-9ED4-B5B13EAEED01}.Debug|Any CPU.Build.0 = Debug|Any CPU
		{C2D91B67-F57A-432F-9ED4-B5B13EAEED01}.Release|Any CPU.ActiveCfg = Release|Any CPU
		{C2D91B67-F57A-432F-9ED4-B5B13EAEED01}.Release|Any CPU.Build.0 = Release|Any CPU
	EndGlobalSection
	GlobalSection(SolutionProperties) = preSolution
		HideSolutionNode = FALSE
	EndGlobalSection
	GlobalSection(ExtensibilityGlobals) = postSolution
		SolutionGuid = {C90E80C5-64BE-4DA9-B651-0F1845479132}
	EndGlobalSection
EndGlobal
